{
  "name": "functions",
  "lockfileVersion": 3,
  "requires": true,
  "packages": {
    "": {
      "dependencies": {
        "@firebasegen/default-connector": "file:../dataconnect_generated"
      }
    },
    "../dataconnect_generated": {
      "name": "@firebasegen/default-connector",
      "version": "1.0.0",
      "license": "Apache-2.0",
      "engines": {
        "node": " >=18.0"
      },
      "peerDependencies": {
        "firebase": "^10.14.0 || ^11.3.0 || ^12.0.0"
      }
    },
    "node_modules/@firebasegen/default-connector": {
      "resolved": "../dataconnect_generated",
      "link": true
    }
  }
}
